
Microsoft Visual Studio Solution File, Format Version 12.00
# Visual Studio Version 17
VisualStudioVersion = 17.14.36327.8
MinimumVisualStudioVersion = 10.0.40219.1
Project("{FAE04EC0-301F-11D3-BF4B-00C04F79EFBC}") = "ClasesTercerParcial", "ClasesTercerParcial.csproj", "{882EA629-2D73-4800-9B96-C215793CF265}"
EndProject
Project("{FAE04EC0-301F-11D3-BF4B-00C04F79EFBC}") = "FRONT", "..\FRONT\FRONT.csproj", "{586B68DD-0313-4064-AE4E-730B9CA23472}"
EndProject
Global
	GlobalSection(SolutionConfigurationPlatforms) = preSolution
		Debug|Any CPU = Debug|Any CPU
		Release|Any CPU = Release|Any CPU
	EndGlobalSection
	GlobalSection(ProjectConfigurationPlatforms) = postSolution
		{882EA629-2D73-4800-9B96-C215793CF265}.Debug|Any CPU.ActiveCfg = Debug|Any CPU
		{882EA629-2D73-4800-9B96-C215793CF265}.Debug|Any CPU.Build.0 = Debug|Any CPU
		{882EA629-2D73-4800-9B96-C215793CF265}.Release|Any CPU.ActiveCfg = Release|Any CPU
		{882EA629-2D73-4800-9B96-C215793CF265}.Release|Any CPU.Build.0 = Release|Any CPU
		{586B68DD-0313-4064-AE4E-730B9CA23472}.Debug|Any CPU.ActiveCfg = Debug|Any CPU
		{586B68DD-0313-4064-AE4E-730B9CA23472}.Debug|Any CPU.Build.0 = Debug|Any CPU
		{586B68DD-0313-4064-AE4E-730B9CA23472}.Release|Any CPU.ActiveCfg = Release|Any CPU
		{586B68DD-0313-4064-AE4E-730B9CA23472}.Release|Any CPU.Build.0 = Release|Any CPU
	EndGlobalSection
	GlobalSection(SolutionProperties) = preSolution
		HideSolutionNode = FALSE
	EndGlobalSection
	GlobalSection(ExtensibilityGlobals) = postSolution
		SolutionGuid = {904990F2-EDA2-45F5-9143-870C1B864F40}
	EndGlobalSection
EndGlobal
